// !$*UTF8*$!
{
	archiveVersion = 1;
	classes = {
	};
	objectVersion = 46;
	objects = {

/* Begin PBXBuildFile section */
		81EAA5221E8C2FF70019FC91 /* AppDelegate.swift in Sources */ = {isa = PBXBuildFile; fileRef = 81EAA5211E8C2FF70019FC91 /* AppDelegate.swift */; };
		81EAA5241E8C2FF70019FC91 /* MainVC.swift in Sources */ = {isa = PBXBuildFile; fileRef = 81EAA5231E8C2FF70019FC91 /* MainVC.swift */; };
		81EAA5271E8C2FF70019FC91 /* Main.storyboard in Resources */ = {isa = PBXBuildFile; fileRef = 81EAA5251E8C2FF70019FC91 /* Main.storyboard */; };
		81EAA5291E8C2FF70019FC91 /* Assets.xcassets in Resources */ = {isa = PBXBuildFile; fileRef = 81EAA5281E8C2FF70019FC91 /* Assets.xcassets */; };
		81EAA52C1E8C2FF70019FC91 /* LaunchScreen.storyboard in Resources */ = {isa = PBXBuildFile; fileRef = 81EAA52A1E8C2FF70019FC91 /* LaunchScreen.storyboard */; };
		81EAA53B1E90B0480019FC91 /* still time.ttf in Resources */ = {isa = PBXBuildFile; fileRef = 81EAA5381E90B0480019FC91 /* still time.ttf */; };
/* End PBXBuildFile section */

/* Begin PBXFileReference section */
		81EAA51E1E8C2FF70019FC91 /* PartyApp.app */ = {isa = PBXFileReference; explicitFileType = wrapper.application; includeInIndex = 0; path = PartyApp.app; sourceTree = BUILT_PRODUCTS_DIR; };
		81EAA5211E8C2FF70019FC91 /* AppDelegate.swift */ = {isa = PBXFileReference; lastKnownFileType = sourcecode.swift; path = AppDelegate.swift; sourceTree = "<group>"; };
		81EAA5231E8C2FF70019FC91 /* MainVC.swift */ = {isa = PBXFileReference; lastKnownFileType = sourcecode.swift; path = MainVC.swift; sourceTree = "<group>"; };
		81EAA5261E8C2FF70019FC91 /* Base */ = {isa = PBXFileReference; lastKnownFileType = file.storyboard; name = Base; path = Base.lproj/Main.storyboard; sourceTree = "<group>"; };
		81EAA5281E8C2FF70019FC91 /* Assets.xcassets */ = {isa = PBXFileReference; lastKnownFileType = folder.assetcatalog; path = Assets.xcassets; sourceTree = "<group>"; };
		81EAA52B1E8C2FF70019FC91 /* Base */ = {isa = PBXFileReference; lastKnownFileType = file.storyboard; name = Base; path = Base.lproj/LaunchScreen.storyboard; sourceTree = "<group>"; };
		81EAA52D1E8C2FF70019FC91 /* Info.plist */ = {isa = PBXFileReference; lastKnownFileType = text.plist.xml; path = Info.plist; sourceTree = "<group>"; };
		81EAA5381E90B0480019FC91 /* still time.ttf */ = {isa = PBXFileReference; lastKnownFileType = file; name = "still time.ttf"; path = "still_time/still time.ttf"; sourceTree = "<group>"; };
/* End PBXFileReference section */

/* Begin PBXFrameworksBuildPhase section */
		81EAA51B1E8C2FF70019FC91 /* Frameworks */ = {
			isa = PBXFrameworksBuildPhase;
			buildActionMask = 2147483647;
			files = (
			);
			runOnlyForDeploymentPostprocessing = 0;
		};
/* End PBXFrameworksBuildPhase section */

/* Begin PBXGroup section */
		81EAA5151E8C2FF70019FC91 = {
			isa = PBXGroup;
			children = (
				81EAA5201E8C2FF70019FC91 /* PartyApp */,
				81EAA51F1E8C2FF70019FC91 /* Products */,
			);
			sourceTree = "<group>";
		};
		81EAA51F1E8C2FF70019FC91 /* Products */ = {
			isa = PBXGroup;
			children = (
				81EAA51E1E8C2FF70019FC91 /* PartyApp.app */,
			);
			name = Products;
			sourceTree = "<group>";
		};
		81EAA5201E8C2FF70019FC91 /* PartyApp */ = {
			isa = PBXGroup;
			children = (
				81EAA53D1E90B06B0019FC91 /* Files */,
				81EAA5351E8C31250019FC91 /* Model */,
				81EAA5341E8C311E0019FC91 /* View */,
				81EAA5331E8C30FF0019FC91 /* Controller */,
				81EAA5211E8C2FF70019FC91 /* AppDelegate.swift */,
				81EAA5251E8C2FF70019FC91 /* Main.storyboard */,
				81EAA52A1E8C2FF70019FC91 /* LaunchScreen.storyboard */,
				81EAA5281E8C2FF70019FC91 /* Assets.xcassets */,
				81EAA52D1E8C2FF70019FC91 /* Info.plist */,
			);
			path = PartyApp;
			sourceTree = "<group>";
		};
		81EAA5331E8C30FF0019FC91 /* Controller */ = {
			isa = PBXGroup;
			children = (
				81EAA5231E8C2FF70019FC91 /* MainVC.swift */,
			);
			name = Controller;
			sourceTree = "<group>";
		};
		81EAA5341E8C311E0019FC91 /* View */ = {
			isa = PBXGroup;
			children = (
			);
			name = View;
			sourceTree = "<group>";
		};
		81EAA5351E8C31250019FC91 /* Model */ = {
			isa = PBXGroup;
			children = (
			);
			name = Model;
			sourceTree = "<group>";
		};
		81EAA53D1E90B06B0019FC91 /* Files */ = {
			isa = PBXGroup;
			children = (
				81EAA5381E90B0480019FC91 /* still time.ttf */,
			);
			name = Files;
			sourceTree = "<group>";
		};
/* End PBXGroup section */

/* Begin PBXNativeTarget section */
		81EAA51D1E8C2FF70019FC91 /* PartyApp */ = {
			isa = PBXNativeTarget;
			buildConfigurationList = 81EAA5301E8C2FF70019FC91 /* Build configuration list for PBXNativeTarget "PartyApp" */;
			buildPhases = (
				81EAA51A1E8C2FF70019FC91 /* Sources */,
				81EAA51B1E8C2FF70019FC91 /* Frameworks */,
				81EAA51C1E8C2FF70019FC91 /* Resources */,
			);
			buildRules = (
			);
			dependencies = (
			);
			name = PartyApp;
			productName = PartyApp;
			productReference = 81EAA51E1E8C2FF70019FC91 /* PartyApp.app */;
			productType = "com.apple.product-type.application";
		};
/* End PBXNativeTarget section */

/* Begin PBXProject section */
		81EAA5161E8C2FF70019FC91 /* Project object */ = {
			isa = PBXProject;
			attributes = {
				LastSwiftUpdateCheck = 0830;
				LastUpgradeCheck = 0830;
				ORGANIZATIONNAME = "Plant A Seed of Code";
				TargetAttributes = {
					81EAA51D1E8C2FF70019FC91 = {
						CreatedOnToolsVersion = 8.3;
						DevelopmentTeam = 8TS6M264AD;
						ProvisioningStyle = Automatic;
					};
				};
			};
			buildConfigurationList = 81EAA5191E8C2FF70019FC91 /* Build configuration list for PBXProject "PartyApp" */;
			compatibilityVersion = "Xcode 3.2";
			developmentRegion = English;
			hasScannedForEncodings = 0;
			knownRegions = (
				en,
				Base,
			);
			mainGroup = 81EAA5151E8C2FF70019FC91;
			productRefGroup = 81EAA51F1E8C2FF70019FC91 /* Products */;
			projectDirPath = "";
			projectRoot = "";
			targets = (
				81EAA51D1E8C2FF70019FC91 /* PartyApp */,
			);
		};
/* End PBXProject section */

/* Begin PBXResourcesBuildPhase section */
		81EAA51C1E8C2FF70019FC91 /* Resources */ = {
			isa = PBXResourcesBuildPhase;
			buildActionMask = 2147483647;
			files = (
				81EAA52C1E8C2FF70019FC91 /* LaunchScreen.storyboard in Resources */,
				81EAA5291E8C2FF70019FC91 /* Assets.xcassets in Resources */,
				81EAA5271E8C2FF70019FC91 /* Main.storyboard in Resources */,
				81EAA53B1E90B0480019FC91 /* still time.ttf in Resources */,
			);
			runOnlyForDeploymentPostprocessing = 0;
		};
/* End PBXResourcesBuildPhase section */

/* Begin PBXSourcesBuildPhase section */
		81EAA51A1E8C2FF70019FC91 /* Sources */ = {
			isa = PBXSourcesBuildPhase;
			buildActionMask = 2147483647;
			files = (
				81EAA5241E8C2FF70019FC91 /* MainVC.swift in Sources */,
				81EAA5221E8C2FF70019FC91 /* AppDelegate.swift in Sources */,
			);
			runOnlyForDeploymentPostprocessing = 0;
		};
/* End PBXSourcesBuildPhase section */

/* Begin PBXVariantGroup section */
		81EAA5251E8C2FF70019FC91 /* Main.storyboard */ = {
			isa = PBXVariantGroup;
			children = (
				81EAA5261E8C2FF70019FC91 /* Base */,
			);
			name = Main.storyboard;
			sourceTree = "<group>";
		};
		81EAA52A1E8C2FF70019FC91 /* LaunchScreen.storyboard */ = {
			isa = PBXVariantGroup;
			children = (
				81EAA52B1E8C2FF70019FC91 /* Base */,
			);
			name = LaunchScreen.storyboard;
			sourceTree = "<group>";
		};
/* End PBXVariantGroup section */

/* Begin XCBuildConfiguration section */
		81EAA52E1E8C2FF70019FC91 /* Debug */ = {
			isa = XCBuildConfiguration;
			buildSettings = {
				ALWAYS_SEARCH_USER_PATHS = NO;
				CLANG_ANALYZER_NONNULL = YES;
				CLANG_ANALYZER_NUMBER_OBJECT_CONVERSION = YES_AGGRESSIVE;
				CLANG_CXX_LANGUAGE_STANDARD = "gnu++0x";
				CLANG_CXX_LIBRARY = "libc++";
				CLANG_ENABLE_MODULES = YES;
				CLANG_ENABLE_OBJC_ARC = YES;
				CLANG_WARN_BOOL_CONVERSION = YES;
				CLANG_WARN_CONSTANT_CONVERSION = YES;
				CLANG_WARN_DIRECT_OBJC_ISA_USAGE = YES_ERROR;
				CLANG_WARN_DOCUMENTATION_COMMENTS = YES;
				CLANG_WARN_EMPTY_BODY = YES;
				CLANG_WARN_ENUM_CONVERSION = YES;
				CLANG_WARN_INFINITE_RECURSION = YES;
				CLANG_WARN_INT_CONVERSION = YES;
				CLANG_WARN_OBJC_ROOT_CLASS = YES_ERROR;
				CLANG_WARN_SUSPICIOUS_MOVE = YES;
				CLANG_WARN_UNREACHABLE_CODE = YES;
				CLANG_WARN__DUPLICATE_METHOD_MATCH = YES;
				"CODE_SIGN_IDENTITY[sdk=iphoneos*]" = "iPhone Developer";
				COPY_PHASE_STRIP = NO;
				DEBUG_INFORMATION_FORMAT = dwarf;
				ENABLE_STRICT_OBJC_MSGSEND = YES;
				ENABLE_TESTABILITY = YES;
				GCC_C_LANGUAGE_STANDARD = gnu99;
				GCC_DYNAMIC_NO_PIC = NO;
				GCC_NO_COMMON_BLOCKS = YES;
				GCC_OPTIMIZATION_LEVEL = 0;
				GCC_PREPROCESSOR_DEFINITIONS = (
					"DEBUG=1",
					"$(inherited)",
				);
				GCC_WARN_64_TO_32_BIT_CONVERSION = YES;
				GCC_WARN_ABOUT_RETURN_TYPE = YES_ERROR;
				GCC_WARN_UNDECLARED_SELECTOR = YES;
				GCC_WARN_UNINITIALIZED_AUTOS = YES_AGGRESSIVE;
				GCC_WARN_UNUSED_FUNCTION = YES;
				GCC_WARN_UNUSED_VARIABLE = YES;
				IPHONEOS_DEPLOYMENT_TARGET = 10.3;
				MTL_ENABLE_DEBUG_INFO = YES;
				ONLY_ACTIVE_ARCH = YES;
				SDKROOT = iphoneos;
				SWIFT_ACTIVE_COMPILATION_CONDITIONS = DEBUG;
				SWIFT_OPTIMIZATION_LEVEL = "-Onone";
				TARGETED_DEVICE_FAMILY = "1,2";
			};
			name = Debug;
		};
		81EAA52F1E8C2FF70019FC91 /* Release */ = {
			isa = XCBuildConfiguration;
			buildSettings = {
				ALWAYS_SEARCH_USER_PATHS = NO;
				CLANG_ANALYZER_NONNULL = YES;
				CLANG_ANALYZER_NUMBER_OBJECT_CONVERSION = YES_AGGRESSIVE;
				CLANG_CXX_LANGUAGE_STANDARD = "gnu++0x";
				CLANG_CXX_LIBRARY = "libc++";
				CLANG_ENABLE_MODULES = YES;
				CLANG_ENABLE_OBJC_ARC = YES;
				CLANG_WARN_BOOL_CONVERSION = YES;
				CLANG_WARN_CONSTANT_CONVERSION = YES;
				CLANG_WARN_DIRECT_OBJC_ISA_USAGE = YES_ERROR;
				CLANG_WARN_DOCUMENTATION_COMMENTS = YES;
				CLANG_WARN_EMPTY_BODY = YES;
				CLANG_WARN_ENUM_CONVERSION = YES;
				CLANG_WARN_INFINITE_RECURSION = YES;
				CLANG_WARN_INT_CONVERSION = YES;
				CLANG_WARN_OBJC_ROOT_CLASS = YES_ERROR;
				CLANG_WARN_SUSPICIOUS_MOVE = YES;
				CLANG_WARN_UNREACHABLE_CODE = YES;
				CLANG_WARN__DUPLICATE_METHOD_MATCH = YES;
				"CODE_SIGN_IDENTITY[sdk=iphoneos*]" = "iPhone Developer";
				COPY_PHASE_STRIP = NO;
				DEBUG_INFORMATION_FORMAT = "dwarf-with-dsym";
				ENABLE_NS_ASSERTIONS = NO;
				ENABLE_STRICT_OBJC_MSGSEND = YES;
				GCC_C_LANGUAGE_STANDARD = gnu99;
				GCC_NO_COMMON_BLOCKS = YES;
				GCC_WARN_64_TO_32_BIT_CONVERSION = YES;
				GCC_WARN_ABOUT_RETURN_TYPE = YES_ERROR;
				GCC_WARN_UNDECLARED_SELECTOR = YES;
				GCC_WARN_UNINITIALIZED_AUTOS = YES_AGGRESSIVE;
				GCC_WARN_UNUSED_FUNCTION = YES;
				GCC_WARN_UNUSED_VARIABLE = YES;
				IPHONEOS_DEPLOYMENT_TARGET = 10.3;
				MTL_ENABLE_DEBUG_INFO = NO;
				SDKROOT = iphoneos;
				SWIFT_OPTIMIZATION_LEVEL = "-Owholemodule";
				TARGETED_DEVICE_FAMILY = "1,2";
				VALIDATE_PRODUCT = YES;
			};
			name = Release;
		};
		81EAA5311E8C2FF70019FC91 /* Debug */ = {
			isa = XCBuildConfiguration;
			buildSettings = {
				ASSETCATALOG_COMPILER_APPICON_NAME = AppIcon;
				DEVELOPMENT_TEAM = 8TS6M264AD;
				INFOPLIST_FILE = PartyApp/Info.plist;
				LD_RUNPATH_SEARCH_PATHS = "$(inherited) @executable_path/Frameworks";
				PRODUCT_BUNDLE_IDENTIFIER = com.noi.PartyApp;
				PRODUCT_NAME = "$(TARGET_NAME)";
				SWIFT_VERSION = 3.0;
			};
			name = Debug;
		};
		81EAA5321E8C2FF70019FC91 /* Release */ = {
			isa = XCBuildConfiguration;
			buildSettings = {
				ASSETCATALOG_COMPILER_APPICON_NAME = AppIcon;
				DEVELOPMENT_TEAM = 8TS6M264AD;
				INFOPLIST_FILE = PartyApp/Info.plist;
				LD_RUNPATH_SEARCH_PATHS = "$(inherited) @executable_path/Frameworks";
				PRODUCT_BUNDLE_IDENTIFIER = com.noi.PartyApp;
				PRODUCT_NAME = "$(TARGET_NAME)";
				SWIFT_VERSION = 3.0;
			};
			name = Release;
		};
/* End XCBuildConfiguration section */

/* Begin XCConfigurationList section */
		81EAA5191E8C2FF70019FC91 /* Build configuration list for PBXProject "PartyApp" */ = {
			isa = XCConfigurationList;
			buildConfigurations = (
				81EAA52E1E8C2FF70019FC91 /* Debug */,
				81EAA52F1E8C2FF70019FC91 /* Release */,
			);
			defaultConfigurationIsVisible = 0;
			defaultConfigurationName = Release;
		};
		81EAA5301E8C2FF70019FC91 /* Build configuration list for PBXNativeTarget "PartyApp" */ = {
			isa = XCConfigurationList;
			buildConfigurations = (
				81EAA5311E8C2FF70019FC91 /* Debug */,
				81EAA5321E8C2FF70019FC91 /* Release */,
			);
			defaultConfigurationIsVisible = 0;
			defaultConfigurationName = Release;
		};
/* End XCConfigurationList section */
	};
	rootObject = 81EAA5161E8C2FF70019FC91 /* Project object */;
}
